
Microsoft Visual Studio Solution File, Format Version 12.00
# Visual Studio 15
VisualStudioVersion = 15.0.27428.2027
MinimumVisualStudioVersion = 10.0.40219.1
Project("{FAE04EC0-301F-11D3-BF4B-00C04F79EFBC}") = "SAINTClicker.Android", "SAINTClicker\SAINTClicker.Android\SAINTClicker.Android.csproj", "{B047C9DE-A1DD-4056-B5A6-7633AAA95B11}"
EndProject
Project("{FAE04EC0-301F-11D3-BF4B-00C04F79EFBC}") = "SAINTClicker.iOS", "SAINTClicker\SAINTClicker.iOS\SAINTClicker.iOS.csproj", "{5B07B817-A2C1-4089-A3FD-5975324D8A3A}"
EndProject
Project("{FAE04EC0-301F-11D3-BF4B-00C04F79EFBC}") = "SAINTClicker.UWP", "SAINTClicker\SAINTClicker.UWP\SAINTClicker.UWP.csproj", "{5E5BA908-A904-4BF1-BA23-5C54B444A055}"
EndProject
Project("{D954291E-2A0B-460D-934E-DC6B0785DB48}") = "SAINTClicker", "SAINTClicker\SAINTClicker\SAINTClicker.shproj", "{6BBBD185-78FC-49D7-BC07-87577A29E0A3}"
EndProject
Global
	GlobalSection(SharedMSBuildProjectFiles) = preSolution
		SAINTClicker\SAINTClicker\SAINTClicker.projitems*{5b07b817-a2c1-4089-a3fd-5975324d8a3a}*SharedItemsImports = 4
		SAINTClicker\SAINTClicker\SAINTClicker.projitems*{5e5ba908-a904-4bf1-ba23-5c54b444a055}*SharedItemsImports = 4
		SAINTClicker\SAINTClicker\SAINTClicker.projitems*{6bbbd185-78fc-49d7-bc07-87577a29e0a3}*SharedItemsImports = 13
		SAINTClicker\SAINTClicker\SAINTClicker.projitems*{b047c9de-a1dd-4056-b5a6-7633aaa95b11}*SharedItemsImports = 4
	EndGlobalSection
	GlobalSection(SolutionConfigurationPlatforms) = preSolution
		Ad-Hoc|Any CPU = Ad-Hoc|Any CPU
		Ad-Hoc|ARM = Ad-Hoc|ARM
		Ad-Hoc|iPhone = Ad-Hoc|iPhone
		Ad-Hoc|iPhoneSimulator = Ad-Hoc|iPhoneSimulator
		Ad-Hoc|x64 = Ad-Hoc|x64
		Ad-Hoc|x86 = Ad-Hoc|x86
		AppStore|Any CPU = AppStore|Any CPU
		AppStore|ARM = AppStore|ARM
		AppStore|iPhone = AppStore|iPhone
		AppStore|iPhoneSimulator = AppStore|iPhoneSimulator
		AppStore|x64 = AppStore|x64
		AppStore|x86 = AppStore|x86
		Debug|Any CPU = Debug|Any CPU
		Debug|ARM = Debug|ARM
		Debug|iPhone = Debug|iPhone
		Debug|iPhoneSimulator = Debug|iPhoneSimulator
		Debug|x64 = Debug|x64
		Debug|x86 = Debug|x86
		Release|Any CPU = Release|Any CPU
		Release|ARM = Release|ARM
		Release|iPhone = Release|iPhone
		Release|iPhoneSimulator = Release|iPhoneSimulator
		Release|x64 = Release|x64
		Release|x86 = Release|x86
	EndGlobalSection
	GlobalSection(ProjectConfigurationPlatforms) = postSolution
		{B047C9DE-A1DD-4056-B5A6-7633AAA95B11}.Ad-Hoc|Any CPU.ActiveCfg = Release|Any CPU
		{B047C9DE-A1DD-4056-B5A6-7633AAA95B11}.Ad-Hoc|Any CPU.Build.0 = Release|Any CPU
		{B047C9DE-A1DD-4056-B5A6-7633AAA95B11}.Ad-Hoc|Any CPU.Deploy.0 = Release|Any CPU
		{B047C9DE-A1DD-4056-B5A6-7633AAA95B11}.Ad-Hoc|ARM.ActiveCfg = Release|Any CPU
		{B047C9DE-A1DD-4056-B5A6-7633AAA95B11}.Ad-Hoc|ARM.Build.0 = Release|Any CPU
		{B047C9DE-A1DD-4056-B5A6-7633AAA95B11}.Ad-Hoc|ARM.Deploy.0 = Release|Any CPU
		{B047C9DE-A1DD-4056-B5A6-7633AAA95B11}.Ad-Hoc|iPhone.ActiveCfg = Release|Any CPU
		{B047C9DE-A1DD-4056-B5A6-7633AAA95B11}.Ad-Hoc|iPhone.Build.0 = Release|Any CPU
		{B047C9DE-A1DD-4056-B5A6-7633AAA95B11}.Ad-Hoc|iPhone.Deploy.0 = Release|Any CPU
		{B047C9DE-A1DD-4056-B5A6-7633AAA95B11}.Ad-Hoc|iPhoneSimulator.ActiveCfg = Release|Any CPU
		{B047C9DE-A1DD-4056-B5A6-7633AAA95B11}.Ad-Hoc|iPhoneSimulator.Build.0 = Release|Any CPU
		{B047C9DE-A1DD-4056-B5A6-7633AAA95B11}.Ad-Hoc|iPhoneSimulator.Deploy.0 = Release|Any CPU
		{B047C9DE-A1DD-4056-B5A6-7633AAA95B11}.Ad-Hoc|x64.ActiveCfg = Release|Any CPU
		{B047C9DE-A1DD-4056-B5A6-7633AAA95B11}.Ad-Hoc|x64.Build.0 = Release|Any CPU
		{B047C9DE-A1DD-4056-B5A6-7633AAA95B11}.Ad-Hoc|x64.Deploy.0 = Release|Any CPU
		{B047C9DE-A1DD-4056-B5A6-7633AAA95B11}.Ad-Hoc|x86.ActiveCfg = Release|Any CPU
		{B047C9DE-A1DD-4056-B5A6-7633AAA95B11}.Ad-Hoc|x86.Build.0 = Release|Any CPU
		{B047C9DE-A1DD-4056-B5A6-7633AAA95B11}.Ad-Hoc|x86.Deploy.0 = Release|Any CPU
		{B047C9DE-A1DD-4056-B5A6-7633AAA95B11}.AppStore|Any CPU.ActiveCfg = Release|Any CPU
		{B047C9DE-A1DD-4056-B5A6-7633AAA95B11}.AppStore|Any CPU.Build.0 = Release|Any CPU
		{B047C9DE-A1DD-4056-B5A6-7633AAA95B11}.AppStore|Any CPU.Deploy.0 = Release|Any CPU
		{B047C9DE-A1DD-4056-B5A6-7633AAA95B11}.AppStore|ARM.ActiveCfg = Release|Any CPU
		{B047C9DE-A1DD-4056-B5A6-7633AAA95B11}.AppStore|ARM.Build.0 = Release|Any CPU
		{B047C9DE-A1DD-4056-B5A6-7633AAA95B11}.AppStore|ARM.Deploy.0 = Release|Any CPU
		{B047C9DE-A1DD-4056-B5A6-7633AAA95B11}.AppStore|iPhone.ActiveCfg = Release|Any CPU
		{B047C9DE-A1DD-4056-B5A6-7633AAA95B11}.AppStore|iPhone.Build.0 = Release|Any CPU
		{B047C9DE-A1DD-4056-B5A6-7633AAA95B11}.AppStore|iPhone.Deploy.0 = Release|Any CPU
		{B047C9DE-A1DD-4056-B5A6-7633AAA95B11}.AppStore|iPhoneSimulator.ActiveCfg = Release|Any CPU
		{B047C9DE-A1DD-4056-B5A6-7633AAA95B11}.AppStore|iPhoneSimulator.Build.0 = Release|Any CPU
		{B047C9DE-A1DD-4056-B5A6-7633AAA95B11}.AppStore|iPhoneSimulator.Deploy.0 = Release|Any CPU
		{B047C9DE-A1DD-4056-B5A6-7633AAA95B11}.AppStore|x64.ActiveCfg = Release|Any CPU
		{B047C9DE-A1DD-4056-B5A6-7633AAA95B11}.AppStore|x64.Build.0 = Release|Any CPU
		{B047C9DE-A1DD-4056-B5A6-7633AAA95B11}.AppStore|x64.Deploy.0 = Release|Any CPU
		{B047C9DE-A1DD-4056-B5A6-7633AAA95B11}.AppStore|x86.ActiveCfg = Release|Any CPU
		{B047C9DE-A1DD-4056-B5A6-7633AAA95B11}.AppStore|x86.Build.0 = Release|Any CPU
		{B047C9DE-A1DD-4056-B5A6-7633AAA95B11}.AppStore|x86.Deploy.0 = Release|Any CPU
		{B047C9DE-A1DD-4056-B5A6-7633AAA95B11}.Debug|Any CPU.ActiveCfg = Debug|Any CPU
		{B047C9DE-A1DD-4056-B5A6-7633AAA95B11}.Debug|Any CPU.Build.0 = Debug|Any CPU
		{B047C9DE-A1DD-4056-B5A6-7633AAA95B11}.Debug|Any CPU.Deploy.0 = Debug|Any CPU
		{B047C9DE-A1DD-4056-B5A6-7633AAA95B11}.Debug|ARM.ActiveCfg = Debug|Any CPU
		{B047C9DE-A1DD-4056-B5A6-7633AAA95B11}.Debug|ARM.Build.0 = Debug|Any CPU
		{B047C9DE-A1DD-4056-B5A6-7633AAA95B11}.Debug|ARM.Deploy.0 = Debug|Any CPU
		{B047C9DE-A1DD-4056-B5A6-7633AAA95B11}.Debug|iPhone.ActiveCfg = Debug|Any CPU
		{B047C9DE-A1DD-4056-B5A6-7633AAA95B11}.Debug|iPhone.Build.0 = Debug|Any CPU
		{B047C9DE-A1DD-4056-B5A6-7633AAA95B11}.Debug|iPhone.Deploy.0 = Debug|Any CPU
		{B047C9DE-A1DD-4056-B5A6-7633AAA95B11}.Debug|iPhoneSimulator.ActiveCfg = Debug|Any CPU
		{B047C9DE-A1DD-4056-B5A6-7633AAA95B11}.Debug|iPhoneSimulator.Build.0 = Debug|Any CPU
		{B047C9DE-A1DD-4056-B5A6-7633AAA95B11}.Debug|iPhoneSimulator.Deploy.0 = Debug|Any CPU
		{B047C9DE-A1DD-4056-B5A6-7633AAA95B11}.Debug|x64.ActiveCfg = Debug|Any CPU
		{B047C9DE-A1DD-4056-B5A6-7633AAA95B11}.Debug|x64.Build.0 = Debug|Any CPU
		{B047C9DE-A1DD-4056-B5A6-7633AAA95B11}.Debug|x64.Deploy.0 = Debug|Any CPU
		{B047C9DE-A1DD-4056-B5A6-7633AAA95B11}.Debug|x86.ActiveCfg = Debug|Any CPU
		{B047C9DE-A1DD-4056-B5A6-7633AAA95B11}.Debug|x86.Build.0 = Debug|Any CPU
		{B047C9DE-A1DD-4056-B5A6-7633AAA95B11}.Debug|x86.Deploy.0 = Debug|Any CPU
		{B047C9DE-A1DD-4056-B5A6-7633AAA95B11}.Release|Any CPU.ActiveCfg = Release|Any CPU
		{B047C9DE-A1DD-4056-B5A6-7633AAA95B11}.Release|Any CPU.Build.0 = Release|Any CPU
		{B047C9DE-A1DD-4056-B5A6-7633AAA95B11}.Release|Any CPU.Deploy.0 = Release|Any CPU
		{B047C9DE-A1DD-4056-B5A6-7633AAA95B11}.Release|ARM.ActiveCfg = Release|Any CPU
		{B047C9DE-A1DD-4056-B5A6-7633AAA95B11}.Release|ARM.Build.0 = Release|Any CPU
		{B047C9DE-A1DD-4056-B5A6-7633AAA95B11}.Release|ARM.Deploy.0 = Release|Any CPU
		{B047C9DE-A1DD-4056-B5A6-7633AAA95B11}.Release|iPhone.ActiveCfg = Release|Any CPU
		{B047C9DE-A1DD-4056-B5A6-7633AAA95B11}.Release|iPhone.Build.0 = Release|Any CPU
		{B047C9DE-A1DD-4056-B5A6-7633AAA95B11}.Release|iPhone.Deploy.0 = Release|Any CPU
		{B047C9DE-A1DD-4056-B5A6-7633AAA95B11}.Release|iPhoneSimulator.ActiveCfg = Release|Any CPU
		{B047C9DE-A1DD-4056-B5A6-7633AAA95B11}.Release|iPhoneSimulator.Build.0 = Release|Any CPU
		{B047C9DE-A1DD-4056-B5A6-7633AAA95B11}.Release|iPhoneSimulator.Deploy.0 = Release|Any CPU
		{B047C9DE-A1DD-4056-B5A6-7633AAA95B11}.Release|x64.ActiveCfg = Release|Any CPU
		{B047C9DE-A1DD-4056-B5A6-7633AAA95B11}.Release|x64.Build.0 = Release|Any CPU
		{B047C9DE-A1DD-4056-B5A6-7633AAA95B11}.Release|x64.Deploy.0 = Release|Any CPU
		{B047C9DE-A1DD-4056-B5A6-7633AAA95B11}.Release|x86.ActiveCfg = Release|Any CPU
		{B047C9DE-A1DD-4056-B5A6-7633AAA95B11}.Release|x86.Build.0 = Release|Any CPU
		{B047C9DE-A1DD-4056-B5A6-7633AAA95B11}.Release|x86.Deploy.0 = Release|Any CPU
		{5B07B817-A2C1-4089-A3FD-5975324D8A3A}.Ad-Hoc|Any CPU.ActiveCfg = Ad-Hoc|iPhone
		{5B07B817-A2C1-4089-A3FD-5975324D8A3A}.Ad-Hoc|ARM.ActiveCfg = Ad-Hoc|iPhone
		{5B07B817-A2C1-4089-A3FD-5975324D8A3A}.Ad-Hoc|iPhone.ActiveCfg = Ad-Hoc|iPhone
		{5B07B817-A2C1-4089-A3FD-5975324D8A3A}.Ad-Hoc|iPhone.Build.0 = Ad-Hoc|iPhone
		{5B07B817-A2C1-4089-A3FD-5975324D8A3A}.Ad-Hoc|iPhoneSimulator.ActiveCfg = Ad-Hoc|iPhoneSimulator
		{5B07B817-A2C1-4089-A3FD-5975324D8A3A}.Ad-Hoc|iPhoneSimulator.Build.0 = Ad-Hoc|iPhoneSimulator
		{5B07B817-A2C1-4089-A3FD-5975324D8A3A}.Ad-Hoc|x64.ActiveCfg = Ad-Hoc|iPhone
		{5B07B817-A2C1-4089-A3FD-5975324D8A3A}.Ad-Hoc|x86.ActiveCfg = Ad-Hoc|iPhone
		{5B07B817-A2C1-4089-A3FD-5975324D8A3A}.AppStore|Any CPU.ActiveCfg = AppStore|iPhone
		{5B07B817-A2C1-4089-A3FD-5975324D8A3A}.AppStore|ARM.ActiveCfg = AppStore|iPhone
		{5B07B817-A2C1-4089-A3FD-5975324D8A3A}.AppStore|iPhone.ActiveCfg = AppStore|iPhone
		{5B07B817-A2C1-4089-A3FD-5975324D8A3A}.AppStore|iPhone.Build.0 = AppStore|iPhone
		{5B07B817-A2C1-4089-A3FD-5975324D8A3A}.AppStore|iPhoneSimulator.ActiveCfg = AppStore|iPhoneSimulator
		{5B07B817-A2C1-4089-A3FD-5975324D8A3A}.AppStore|iPhoneSimulator.Build.0 = AppStore|iPhoneSimulator
		{5B07B817-A2C1-4089-A3FD-5975324D8A3A}.AppStore|x64.ActiveCfg = AppStore|iPhone
		{5B07B817-A2C1-4089-A3FD-5975324D8A3A}.AppStore|x86.ActiveCfg = AppStore|iPhone
		{5B07B817-A2C1-4089-A3FD-5975324D8A3A}.Debug|Any CPU.ActiveCfg = Debug|iPhone
		{5B07B817-A2C1-4089-A3FD-5975324D8A3A}.Debug|ARM.ActiveCfg = Debug|iPhone
		{5B07B817-A2C1-4089-A3FD-5975324D8A3A}.Debug|iPhone.ActiveCfg = Debug|iPhone
		{5B07B817-A2C1-4089-A3FD-5975324D8A3A}.Debug|iPhone.Build.0 = Debug|iPhone
		{5B07B817-A2C1-4089-A3FD-5975324D8A3A}.Debug|iPhoneSimulator.ActiveCfg = Debug|iPhoneSimulator
		{5B07B817-A2C1-4089-A3FD-5975324D8A3A}.Debug|iPhoneSimulator.Build.0 = Debug|iPhoneSimulator
		{5B07B817-A2C1-4089-A3FD-5975324D8A3A}.Debug|x64.ActiveCfg = Debug|iPhone
		{5B07B817-A2C1-4089-A3FD-5975324D8A3A}.Debug|x86.ActiveCfg = Debug|iPhone
		{5B07B817-A2C1-4089-A3FD-5975324D8A3A}.Release|Any CPU.ActiveCfg = Release|iPhone
		{5B07B817-A2C1-4089-A3FD-5975324D8A3A}.Release|ARM.ActiveCfg = Release|iPhone
		{5B07B817-A2C1-4089-A3FD-5975324D8A3A}.Release|iPhone.ActiveCfg = Release|iPhone
		{5B07B817-A2C1-4089-A3FD-5975324D8A3A}.Release|iPhone.Build.0 = Release|iPhone
		{5B07B817-A2C1-4089-A3FD-5975324D8A3A}.Release|iPhoneSimulator.ActiveCfg = Release|iPhoneSimulator
		{5B07B817-A2C1-4089-A3FD-5975324D8A3A}.Release|iPhoneSimulator.Build.0 = Release|iPhoneSimulator
		{5B07B817-A2C1-4089-A3FD-5975324D8A3A}.Release|x64.ActiveCfg = Release|iPhone
		{5B07B817-A2C1-4089-A3FD-5975324D8A3A}.Release|x86.ActiveCfg = Release|iPhone
		{5E5BA908-A904-4BF1-BA23-5C54B444A055}.Ad-Hoc|Any CPU.ActiveCfg = Release|x86
		{5E5BA908-A904-4BF1-BA23-5C54B444A055}.Ad-Hoc|Any CPU.Build.0 = Release|x86
		{5E5BA908-A904-4BF1-BA23-5C54B444A055}.Ad-Hoc|Any CPU.Deploy.0 = Release|x86
		{5E5BA908-A904-4BF1-BA23-5C54B444A055}.Ad-Hoc|ARM.ActiveCfg = Release|ARM
		{5E5BA908-A904-4BF1-BA23-5C54B444A055}.Ad-Hoc|ARM.Build.0 = Release|ARM
		{5E5BA908-A904-4BF1-BA23-5C54B444A055}.Ad-Hoc|ARM.Deploy.0 = Release|ARM
		{5E5BA908-A904-4BF1-BA23-5C54B444A055}.Ad-Hoc|iPhone.ActiveCfg = Release|x86
		{5E5BA908-A904-4BF1-BA23-5C54B444A055}.Ad-Hoc|iPhone.Build.0 = Release|x86
		{5E5BA908-A904-4BF1-BA23-5C54B444A055}.Ad-Hoc|iPhone.Deploy.0 = Release|x86
		{5E5BA908-A904-4BF1-BA23-5C54B444A055}.Ad-Hoc|iPhoneSimulator.ActiveCfg = Release|x86
		{5E5BA908-A904-4BF1-BA23-5C54B444A055}.Ad-Hoc|iPhoneSimulator.Build.0 = Release|x86
		{5E5BA908-A904-4BF1-BA23-5C54B444A055}.Ad-Hoc|iPhoneSimulator.Deploy.0 = Release|x86
		{5E5BA908-A904-4BF1-BA23-5C54B444A055}.Ad-Hoc|x64.ActiveCfg = Release|x64
		{5E5BA908-A904-4BF1-BA23-5C54B444A055}.Ad-Hoc|x64.Build.0 = Release|x64
		{5E5BA908-A904-4BF1-BA23-5C54B444A055}.Ad-Hoc|x64.Deploy.0 = Release|x64
		{5E5BA908-A904-4BF1-BA23-5C54B444A055}.Ad-Hoc|x86.ActiveCfg = Release|x86
		{5E5BA908-A904-4BF1-BA23-5C54B444A055}.Ad-Hoc|x86.Build.0 = Release|x86
		{5E5BA908-A904-4BF1-BA23-5C54B444A055}.Ad-Hoc|x86.Deploy.0 = Release|x86
		{5E5BA908-A904-4BF1-BA23-5C54B444A055}.AppStore|Any CPU.ActiveCfg = Release|x86
		{5E5BA908-A904-4BF1-BA23-5C54B444A055}.AppStore|Any CPU.Build.0 = Release|x86
		{5E5BA908-A904-4BF1-BA23-5C54B444A055}.AppStore|Any CPU.Deploy.0 = Release|x86
		{5E5BA908-A904-4BF1-BA23-5C54B444A055}.AppStore|ARM.ActiveCfg = Release|ARM
		{5E5BA908-A904-4BF1-BA23-5C54B444A055}.AppStore|ARM.Build.0 = Release|ARM
		{5E5BA908-A904-4BF1-BA23-5C54B444A055}.AppStore|ARM.Deploy.0 = Release|ARM
		{5E5BA908-A904-4BF1-BA23-5C54B444A055}.AppStore|iPhone.ActiveCfg = Release|x86
		{5E5BA908-A904-4BF1-BA23-5C54B444A055}.AppStore|iPhone.Build.0 = Release|x86
		{5E5BA908-A904-4BF1-BA23-5C54B444A055}.AppStore|iPhone.Deploy.0 = Release|x86
		{5E5BA908-A904-4BF1-BA23-5C54B444A055}.AppStore|iPhoneSimulator.ActiveCfg = Release|x86
		{5E5BA908-A904-4BF1-BA23-5C54B444A055}.AppStore|iPhoneSimulator.Build.0 = Release|x86
		{5E5BA908-A904-4BF1-BA23-5C54B444A055}.AppStore|iPhoneSimulator.Deploy.0 = Release|x86
		{5E5BA908-A904-4BF1-BA23-5C54B444A055}.AppStore|x64.ActiveCfg = Release|x64
		{5E5BA908-A904-4BF1-BA23-5C54B444A055}.AppStore|x64.Build.0 = Release|x64
		{5E5BA908-A904-4BF1-BA23-5C54B444A055}.AppStore|x64.Deploy.0 = Release|x64
		{5E5BA908-A904-4BF1-BA23-5C54B444A055}.AppStore|x86.ActiveCfg = Release|x86
		{5E5BA908-A904-4BF1-BA23-5C54B444A055}.AppStore|x86.Build.0 = Release|x86
		{5E5BA908-A904-4BF1-BA23-5C54B444A055}.AppStore|x86.Deploy.0 = Release|x86
		{5E5BA908-A904-4BF1-BA23-5C54B444A055}.Debug|Any CPU.ActiveCfg = Debug|x86
		{5E5BA908-A904-4BF1-BA23-5C54B444A055}.Debug|ARM.ActiveCfg = Debug|ARM
		{5E5BA908-A904-4BF1-BA23-5C54B444A055}.Debug|ARM.Build.0 = Debug|ARM
		{5E5BA908-A904-4BF1-BA23-5C54B444A055}.Debug|ARM.Deploy.0 = Debug|ARM
		{5E5BA908-A904-4BF1-BA23-5C54B444A055}.Debug|iPhone.ActiveCfg = Debug|x86
		{5E5BA908-A904-4BF1-BA23-5C54B444A055}.Debug|iPhoneSimulator.ActiveCfg = Debug|x86
		{5E5BA908-A904-4BF1-BA23-5C54B444A055}.Debug|x64.ActiveCfg = Debug|x64
		{5E5BA908-A904-4BF1-BA23-5C54B444A055}.Debug|x64.Build.0 = Debug|x64
		{5E5BA908-A904-4BF1-BA23-5C54B444A055}.Debug|x64.Deploy.0 = Debug|x64
		{5E5BA908-A904-4BF1-BA23-5C54B444A055}.Debug|x86.ActiveCfg = Debug|x86
		{5E5BA908-A904-4BF1-BA23-5C54B444A055}.Debug|x86.Build.0 = Debug|x86
		{5E5BA908-A904-4BF1-BA23-5C54B444A055}.Debug|x86.Deploy.0 = Debug|x86
		{5E5BA908-A904-4BF1-BA23-5C54B444A055}.Release|Any CPU.ActiveCfg = Release|x86
		{5E5BA908-A904-4BF1-BA23-5C54B444A055}.Release|ARM.ActiveCfg = Release|ARM
		{5E5BA908-A904-4BF1-BA23-5C54B444A055}.Release|ARM.Build.0 = Release|ARM
		{5E5BA908-A904-4BF1-BA23-5C54B444A055}.Release|ARM.Deploy.0 = Release|ARM
		{5E5BA908-A904-4BF1-BA23-5C54B444A055}.Release|iPhone.ActiveCfg = Release|x86
		{5E5BA908-A904-4BF1-BA23-5C54B444A055}.Release|iPhoneSimulator.ActiveCfg = Release|x86
		{5E5BA908-A904-4BF1-BA23-5C54B444A055}.Release|x64.ActiveCfg = Release|x64
		{5E5BA908-A904-4BF1-BA23-5C54B444A055}.Release|x64.Build.0 = Release|x64
		{5E5BA908-A904-4BF1-BA23-5C54B444A055}.Release|x64.Deploy.0 = Release|x64
		{5E5BA908-A904-4BF1-BA23-5C54B444A055}.Release|x86.ActiveCfg = Release|x86
		{5E5BA908-A904-4BF1-BA23-5C54B444A055}.Release|x86.Build.0 = Release|x86
		{5E5BA908-A904-4BF1-BA23-5C54B444A055}.Release|x86.Deploy.0 = Release|x86
	EndGlobalSection
	GlobalSection(SolutionProperties) = preSolution
		HideSolutionNode = FALSE
	EndGlobalSection
	GlobalSection(ExtensibilityGlobals) = postSolution
		SolutionGuid = {CF6344A5-AA6F-47AB-A51F-38E55F11E078}
	EndGlobalSection
EndGlobal
